
Microsoft Visual Studio Solution File, Format Version 12.00
# Visual Studio Version 17
VisualStudioVersion = 17.8.34525.116
MinimumVisualStudioVersion = 10.0.40219.1
Project("{FAE04EC0-301F-11D3-BF4B-00C04F79EFBC}") = "HotelManagementBackend", "HotelManagementBackend\HotelManagementBackend.csproj", "{593E763A-4470-4DAA-B0CA-A1E3578EB00E}"
EndProject
Global
	GlobalSection(SolutionConfigurationPlatforms) = preSolution
		Debug|Any CPU = Debug|Any CPU
		Release|Any CPU = Release|Any CPU
	EndGlobalSection
	GlobalSection(ProjectConfigurationPlatforms) = postSolution
		{593E763A-4470-4DAA-B0CA-A1E3578EB00E}.Debug|Any CPU.ActiveCfg = Debug|Any CPU
		{593E763A-4470-4DAA-B0CA-A1E3578EB00E}.Debug|Any CPU.Build.0 = Debug|Any CPU
		{593E763A-4470-4DAA-B0CA-A1E3578EB00E}.Release|Any CPU.ActiveCfg = Release|Any CPU
		{593E763A-4470-4DAA-B0CA-A1E3578EB00E}.Release|Any CPU.Build.0 = Release|Any CPU
	EndGlobalSection
	GlobalSection(SolutionProperties) = preSolution
		HideSolutionNode = FALSE
	EndGlobalSection
	GlobalSection(ExtensibilityGlobals) = postSolution
		SolutionGuid = {CB0F76C9-A191-400D-83C4-0145D8B3776F}
	EndGlobalSection
EndGlobal
